lockfileVersion: '9.0'

settings:
  autoInstallPeers: true
  excludeLinksFromLockfile: false

overrides:
  '@agentclientprotocol/sdk': 1.2.1

importers:

  .:
    dependencies:
      '@agentclientprotocol/codex-acp':
        specifier: 1.1.4
        version: 1.1.4

packages:

  '@agentclientprotocol/codex-acp@1.1.4':
    resolution: {integrity: sha512-DzusIpGwlQwMWuHgJhU8FWMsyQvzjenB93IEzQATkdbNulo5Rd9GKOz8+B+/C9iWWxmyXgtgmjzaL+iRFyDryQ==}
    hasBin: true

  '@agentclientprotocol/sdk@1.2.1':
    resolution: {integrity: sha512-jwYUdOQR7tc+Zfch53VL4JJyUNK/46q03uUTYb+PjECsmnNl94XFXOfYLJ8RBpMNidXd1rpOAVgb0vqD98xImA==}
    peerDependencies:
      zod: ^3.25.0 || ^4.0.0

  '@openai/codex@0.144.6':
    resolution: {integrity: sha512-wk+2CWiBNXiJLBoN2D08N9RceWkSBnlgk5g2K1a4CXrP/C0gdlHyRUG7RFzm9y41DCK/7tvCct233JVxyFmznw==}
    engines: {node: '>=16'}
    hasBin: true

  '@openai/codex@0.144.6-darwin-arm64':
    resolution: {integrity: sha512-6zgvh70MzBNSeT17HEhSOrmmGGZGAKzSC7x6JAq+edkJkdPYA9P0I1tG7aJ49GlBkBxuC+MKBH1qm6+2Cghcww==}
    engines: {node: '>=16'}
    cpu: [arm64]
    os: [darwin]

  '@openai/codex@0.144.6-darwin-x64':
    resolution: {integrity: sha512-THRyPG0zSU6M8NQAge1LHEHsJDnoH4BpKsfJHB/qe3Fm+Wf6zqAmWJFlOKzBm27m0K2Hq3za4Ac2I5p5i4yp/A==}
    engines: {node: '>=16'}
    cpu: [x64]
    os: [darwin]

  '@openai/codex@0.144.6-linux-arm64':
    resolution: {integrity: sha512-PGiLXMN+2IQRkf7tOLi64dMInjU1pRLbz0Rwfj/yt2Y97SZQqAjFQoi2wmswmqtqMDnfwCPTC1DRXVQkvU6T6Q==}
    engines: {node: '>=16'}
    cpu: [arm64]
    os: [linux]

  '@openai/codex@0.144.6-linux-x64':
    resolution: {integrity: sha512-4E7EnzCg0OnBxCyYnwJ+qnZwWHYe0YScr5ucKWbngE9u4+0XrpWELqq2Kn9jl5GZK8MDjU7PrJwFIwusHOHjuw==}
    engines: {node: '>=16'}
    cpu: [x64]
    os: [linux]

  '@openai/codex@0.144.6-win32-arm64':
    resolution: {integrity: sha512-SpMjXJLW43JzMP0K62mVcYfmFcpk0BK4AOgYmWSfyZHs3iRtHMd0UYw7605n/9lwkT2EqbwQLT2omZFeKJFzwA==}
    engines: {node: '>=16'}
    cpu: [arm64]
    os: [win32]

  '@openai/codex@0.144.6-win32-x64':
    resolution: {integrity: sha512-dN39VnjEthKz5io1RNWwZDtErdSn07nW3pGUgvlA6DMxgm/nuGaIAZO/sG/Hgxq/x5j9HteAENfrFgVkpZ0lFg==}
    engines: {node: '>=16'}
    cpu: [x64]
    os: [win32]

  bundle-name@4.1.0:
    resolution: {integrity: sha512-tjwM5exMg6BGRI+kNmTntNsvdZS1X8BFYS6tnJ2hdH0kVxM6/eVZ2xy+FqStSWvYmtfFMDLIxurorHwDKfDz5Q==}
    engines: {node: '>=18'}

  default-browser-id@5.0.1:
    resolution: {integrity: sha512-x1VCxdX4t+8wVfd1so/9w+vQ4vx7lKd2Qp5tDRutErwmR85OgmfX7RlLRMWafRMY7hbEiXIbudNrjOAPa/hL8Q==}
    engines: {node: '>=18'}

  default-browser@5.5.0:
    resolution: {integrity: sha512-H9LMLr5zwIbSxrmvikGuI/5KGhZ8E2zH3stkMgM5LpOWDutGM2JZaj460Udnf1a+946zc7YBgrqEWwbk7zHvGw==}
    engines: {node: '>=18'}

  define-lazy-prop@3.0.0:
    resolution: {integrity: sha512-N+MeXYoqr3pOgn8xfyRPREN7gHakLYjhsHhWGT3fWAiL4IkAt0iDw14QiiEm2bE30c5XX5q0FtAA3CK5f9/BUg==}
    engines: {node: '>=12'}

  diff@9.0.0:
    resolution: {integrity: sha512-svtcdpS8CgJyqAjEQIXdb3OjhFVVYjzGAPO8WGCmRbrml64SPw/jJD4GoE98aR7r25A0XcgrK3F02yw9R/vhQw==}
    engines: {node: '>=0.3.1'}

  is-docker@3.0.0:
    resolution: {integrity: sha512-eljcgEDlEns/7AXFosB5K/2nCM4P7FQPkGc/DWLy5rmFEWvZayGrik1d9/QIY5nJ4f9YsVvBkA6kJpHn9rISdQ==}
    engines: {node: ^12.20.0 || ^14.13.1 || >=16.0.0}
    hasBin: true

  is-in-ssh@1.0.0:
    resolution: {integrity: sha512-jYa6Q9rH90kR1vKB6NM7qqd1mge3Fx4Dhw5TVlK1MUBqhEOuCagrEHMevNuCcbECmXZ0ThXkRm+Ymr51HwEPAw==}
    engines: {node: '>=20'}

  is-inside-container@1.0.0:
    resolution: {integrity: sha512-KIYLCCJghfHZxqjYBE7rEy0OBuTd5xCHS7tHVgvCLkx7StIoaxwNW3hCALgEUjFfeRk+MG/Qxmp/vtETEF3tRA==}
    engines: {node: '>=14.16'}
    hasBin: true

  is-wsl@3.1.1:
    resolution: {integrity: sha512-e6rvdUCiQCAuumZslxRJWR/Doq4VpPR82kqclvcS0efgt430SlGIk05vdCN58+VrzgtIcfNODjozVielycD4Sw==}
    engines: {node: '>=16'}

  open@11.0.0:
    resolution: {integrity: sha512-smsWv2LzFjP03xmvFoJ331ss6h+jixfA4UUV/Bsiyuu4YJPfN+FIQGOIiv4w9/+MoHkfkJ22UIaQWRVFRfH6Vw==}
    engines: {node: '>=20'}

  powershell-utils@0.1.0:
    resolution: {integrity: sha512-dM0jVuXJPsDN6DvRpea484tCUaMiXWjuCn++HGTqUWzGDjv5tZkEZldAJ/UMlqRYGFrD/etByo4/xOuC/snX2A==}
    engines: {node: '>=20'}

  run-applescript@7.1.0:
    resolution: {integrity: sha512-DPe5pVFaAsinSaV6QjQ6gdiedWDcRCbUuiQfQa2wmWV7+xC9bGulGI8+TdRmoFkAPaBXk8CrAbnlY2ISniJ47Q==}
    engines: {node: '>=18'}

  vscode-jsonrpc@9.0.1:
    resolution: {integrity: sha512-rfuA6T75H6m5EkbhtEPzre9pT0HPcDI2MMy4+nPFIBks5J8JBAUHD4tRYSgaBOijIEC7SRkC1kKyXTLqbmh9jw==}
    engines: {node: '>=14.0.0'}

  wsl-utils@0.3.1:
    resolution: {integrity: sha512-g/eziiSUNBSsdDJtCLB8bdYEUMj4jR7AGeUo96p/3dTafgjHhpF4RiCFPiRILwjQoDXx5MqkBr4fwWtR3Ky4Wg==}
    engines: {node: '>=20'}

  zod@4.4.3:
    resolution: {integrity: sha512-ytENFjIJFl2UwYglde2jchW2Hwm4GJFLDiSXWdTrJQBIN9Fcyp7n4DhxJEiWNAJMV1/BqWfW/kkg71UDcHJyTQ==}

snapshots:

  '@agentclientprotocol/codex-acp@1.1.4':
    dependencies:
      '@agentclientprotocol/sdk': 1.2.1(zod@4.4.3)
      '@openai/codex': 0.144.6
      diff: 9.0.0
      open: 11.0.0
      vscode-jsonrpc: 9.0.1
      zod: 4.4.3

  '@agentclientprotocol/sdk@1.2.1(zod@4.4.3)':
    dependencies:
      zod: 4.4.3

  '@openai/codex@0.144.6':
    optionalDependencies:
      '@openai/codex-darwin-arm64': '@openai/codex@0.144.6-darwin-arm64'
      '@openai/codex-darwin-x64': '@openai/codex@0.144.6-darwin-x64'
      '@openai/codex-linux-arm64': '@openai/codex@0.144.6-linux-arm64'
      '@openai/codex-linux-x64': '@openai/codex@0.144.6-linux-x64'
      '@openai/codex-win32-arm64': '@openai/codex@0.144.6-win32-arm64'
      '@openai/codex-win32-x64': '@openai/codex@0.144.6-win32-x64'

  '@openai/codex@0.144.6-darwin-arm64':
    optional: true

  '@openai/codex@0.144.6-darwin-x64':
    optional: true

  '@openai/codex@0.144.6-linux-arm64':
    optional: true

  '@openai/codex@0.144.6-linux-x64':
    optional: true

  '@openai/codex@0.144.6-win32-arm64':
    optional: true

  '@openai/codex@0.144.6-win32-x64':
    optional: true

  bundle-name@4.1.0:
    dependencies:
      run-applescript: 7.1.0

  default-browser-id@5.0.1: {}

  default-browser@5.5.0:
    dependencies:
      bundle-name: 4.1.0
      default-browser-id: 5.0.1

  define-lazy-prop@3.0.0: {}

  diff@9.0.0: {}

  is-docker@3.0.0: {}

  is-in-ssh@1.0.0: {}

  is-inside-container@1.0.0:
    dependencies:
      is-docker: 3.0.0

  is-wsl@3.1.1:
    dependencies:
      is-inside-container: 1.0.0

  open@11.0.0:
    dependencies:
      default-browser: 5.5.0
      define-lazy-prop: 3.0.0
      is-in-ssh: 1.0.0
      is-inside-container: 1.0.0
      powershell-utils: 0.1.0
      wsl-utils: 0.3.1

  powershell-utils@0.1.0: {}

  run-applescript@7.1.0: {}

  vscode-jsonrpc@9.0.1: {}

  wsl-utils@0.3.1:
    dependencies:
      is-wsl: 3.1.1
      powershell-utils: 0.1.0

  zod@4.4.3: {}
