lockfileVersion: '9.0'

settings:
  autoInstallPeers: true
  excludeLinksFromLockfile: false

importers:

  .:
    dependencies:
      '@github/copilot':
        specifier: 1.0.82
        version: 1.0.82

packages:

  '@github/copilot-darwin-arm64@1.0.82':
    resolution: {integrity: sha512-UpVSFA0COmlIakAr7/6WJqJlabtKgY8y5en6La3IxGxXsLlbkGoeevSqyfXvqJyHxaGn0YGpOC1oEPL379JfCw==}
    cpu: [arm64]
    os: [darwin]
    hasBin: true

  '@github/copilot-darwin-x64@1.0.82':
    resolution: {integrity: sha512-wMKbxK8fpKsbATjn9dE31Pae67H1xu6dmaCuyXpXjXLsNPVjeLFszJZ30MAOwxRWz4dmA8VvEJZmLgJekojo2Q==}
    cpu: [x64]
    os: [darwin]
    hasBin: true

  '@github/copilot-linux-arm64@1.0.82':
    resolution: {integrity: sha512-YDQmh0F+GzWORPmNNxQdcjHcXHxcy08dhMhbAhu4cqtMeA2sZWQqhfk9mJhHppMm9U0uR7h0KAB6nsgw/8Bsuw==}
    cpu: [arm64]
    os: [linux]
    libc: [glibc]
    hasBin: true

  '@github/copilot-linux-x64@1.0.82':
    resolution: {integrity: sha512-vqmG9665ktgLHAkGKMjp4uVMdHqLxi8uS9zL+g2pMwZUPoM7JxkaSfOoeyYr99caF7J6VIJTWv4LdRNQyG5jrQ==}
    cpu: [x64]
    os: [linux]
    libc: [glibc]
    hasBin: true

  '@github/copilot-linuxmusl-arm64@1.0.82':
    resolution: {integrity: sha512-14dWfa4rBME55bKmF+Z8V+WzZNgPQZKFFBQX+EOiAgLVV/arQCnQ1m7wwa5oXjQeCIgkS/L9J8uM8jNm6cZbOA==}
    cpu: [arm64]
    os: [linux]
    libc: [musl]
    hasBin: true

  '@github/copilot-linuxmusl-x64@1.0.82':
    resolution: {integrity: sha512-Mauqa2TBjtB8W/1KXF/jJ4MbtwnLvoEQNHYoSyoX+s+nIpttmixmYBJDwKV89ZlQRdjOCuxOgraRLQ9hjjXvNQ==}
    cpu: [x64]
    os: [linux]
    libc: [musl]
    hasBin: true

  '@github/copilot-win32-arm64@1.0.82':
    resolution: {integrity: sha512-PaW9s0GTgM+svtDkB583dZRrhLrO4o10y2ozMmQ0Hi5eB11C24UdC5U81nFlvKPED7+GlnBJIFQ+oHaxHrnp3A==}
    cpu: [arm64]
    os: [win32]
    hasBin: true

  '@github/copilot-win32-x64@1.0.82':
    resolution: {integrity: sha512-m4iSROOMEPp1yRIQQwbnO0CDfwB4syESyHoeSLLFuynMR4/ApghAdyBrBQQcTKGsUu3R5rOE64RYlVmyKmuA9A==}
    cpu: [x64]
    os: [win32]
    hasBin: true

  '@github/copilot@1.0.82':
    resolution: {integrity: sha512-+mDIwBO3dCpL3k2rVLc4+1tFzqcVBTJNA/0co+okEpmCgcHjaz91Cqq7++pJKN5yJQuGC6bKangm7PSoheI1Xw==}
    hasBin: true

  detect-libc@2.1.2:
    resolution: {integrity: sha512-Btj2BOOO83o3WyH59e8MgXsxEQVcarkUOpEYrubB0urwnN10yQ364rsiByU11nZlqWYZm05i/of7io4mzihBtQ==}
    engines: {node: '>=8'}

snapshots:

  '@github/copilot-darwin-arm64@1.0.82':
    optional: true

  '@github/copilot-darwin-x64@1.0.82':
    optional: true

  '@github/copilot-linux-arm64@1.0.82':
    optional: true

  '@github/copilot-linux-x64@1.0.82':
    optional: true

  '@github/copilot-linuxmusl-arm64@1.0.82':
    optional: true

  '@github/copilot-linuxmusl-x64@1.0.82':
    optional: true

  '@github/copilot-win32-arm64@1.0.82':
    optional: true

  '@github/copilot-win32-x64@1.0.82':
    optional: true

  '@github/copilot@1.0.82':
    dependencies:
      detect-libc: 2.1.2
    optionalDependencies:
      '@github/copilot-darwin-arm64': 1.0.82
      '@github/copilot-darwin-x64': 1.0.82
      '@github/copilot-linux-arm64': 1.0.82
      '@github/copilot-linux-x64': 1.0.82
      '@github/copilot-linuxmusl-arm64': 1.0.82
      '@github/copilot-linuxmusl-x64': 1.0.82
      '@github/copilot-win32-arm64': 1.0.82
      '@github/copilot-win32-x64': 1.0.82

  detect-libc@2.1.2: {}
