lockfileVersion: '9.0'

settings:
  autoInstallPeers: true
  excludeLinksFromLockfile: false

importers:

  .:
    dependencies:
      '@cursor/sdk':
        specifier: 1.0.19
        version: 1.0.19
      ws:
        specifier: 8.21.0
        version: 8.21.0
      zod:
        specifier: 3.25.76
        version: 3.25.76

packages:

  '@bufbuild/protobuf@1.10.0':
    resolution: {integrity: sha512-QDdVFLoN93Zjg36NoQPZfsVH9tZew7wKDKyV5qRdj8ntT4wQCOradQjRaTdwMhWUYsgKsvCINKKm87FdEk96Ag==}

  '@connectrpc/connect-web@1.7.0':
    resolution: {integrity: sha512-qyP0YOnUPRWwCc/VfsoydMJvkb7EyUPr2q9sHgBuJzbADjiqck1gKH5V5ZPzPhTLBvmz5UvG+wiZ5sMRQHU1MQ==}
    peerDependencies:
      '@bufbuild/protobuf': ^1.10.0
      '@connectrpc/connect': 1.7.0

  '@connectrpc/connect@1.7.0':
    resolution: {integrity: sha512-iNKdJRi69YP3mq6AePRT8F/HrxWCewrhxnLMNm0vpqXAR8biwzRtO6Hjx80C6UvtKJ5sFmffQT7I4Baecz389w==}
    peerDependencies:
      '@bufbuild/protobuf': ^1.10.0

  '@cursor/sdk-darwin-arm64@1.0.19':
    resolution: {integrity: sha512-CPhqcpDaqjjqkkVGMLsdfXv7PGznL5L6U5CJXps/oaGW5mtHoxDpsRNj1rszCRQXNAvmMU+EFxLWnBwlE8mUNg==}
    cpu: [arm64]
    os: [darwin]
    hasBin: true

  '@cursor/sdk-darwin-x64@1.0.19':
    resolution: {integrity: sha512-6/Jj0hxrxEs9V9wtYEApSkMcJwYAaT4Vwna9xBzgN6CK1K4Ws0E1/PfiddahAAFZpkp9pgjb8wQXwG7qJ2g77A==}
    cpu: [x64]
    os: [darwin]
    hasBin: true

  '@cursor/sdk-linux-arm64@1.0.19':
    resolution: {integrity: sha512-Dq/BhGT1jAZ6eHJwy1Vugi/Upc+yoL0X/LN6ppd9cVPM9OAB1xX5KIbvIwsGlNiZccPLVXFv/1KOp5SBK+y+jQ==}
    cpu: [arm64]
    os: [linux]
    hasBin: true

  '@cursor/sdk-linux-x64@1.0.19':
    resolution: {integrity: sha512-ZHgHH+SdEwYwfPg/uVKqZRVOIMCV3/3vghxc/usOMYMrhbY9TYXZxYqwWTduVLzCXH7Dz0aT19mSJHmhwkQ1CA==}
    cpu: [x64]
    os: [linux]
    hasBin: true

  '@cursor/sdk-win32-x64@1.0.19':
    resolution: {integrity: sha512-XGIQmx3J0K8uKkA00qnoy1FJHFdFdwNdcmUqtRF1PXLcYup91YYetAHk9afXM7S/v1t0L4EatydsirL8uz7SIw==}
    cpu: [x64]
    os: [win32]
    hasBin: true

  '@cursor/sdk@1.0.19':
    resolution: {integrity: sha512-DJbVnGeRJq7iwt9mz1cMACqVfAYP15IB+Q8Iz2eDtEN4A8Dp83yB0Y31YREj1jeA9EPUEdRZJRIYch/s+Wi9Ow==}
    engines: {node: '>=22.13'}

  '@statsig/client-core@3.31.0':
    resolution: {integrity: sha512-SuxQD6TmVszPG7FoMKwTk/uyBuVFk7XnxI3T/E0uyb7PL7GNjONtfsoh+NqBBVUJVse0CUeSFfgJPoZy1ZOslQ==}

  '@statsig/js-client@3.31.0':
    resolution: {integrity: sha512-LFa5E0LjT6sTfZv3sNGoyRLSZ1078+agdgOA+Vm1ecjG+KbSOfBLTW7hMwimrJ29slRwbYDzbtKaPJo/R37N2g==}

  ws@8.21.0:
    resolution: {integrity: sha512-Vsp28b7DRcimFQvrqu2Wek3z1iYxDCWqHYB8Qsnk/S4RfaCQzPGPyBNuVjJV3cd6UiKtUtp6sNM77gWvzcCH+g==}
    engines: {node: '>=10.0.0'}
    peerDependencies:
      bufferutil: ^4.0.1
      utf-8-validate: '>=5.0.2'
    peerDependenciesMeta:
      bufferutil:
        optional: true
      utf-8-validate:
        optional: true

  zod@3.25.76:
    resolution: {integrity: sha512-gzUt/qt81nXsFGKIFcC3YnfEAx5NkunCfnDlvuBSSFS02bcXu4Lmea0AFIUwbLWxWPx3d9p8S5QoaujKcNQxcQ==}

snapshots:

  '@bufbuild/protobuf@1.10.0': {}

  '@connectrpc/connect-web@1.7.0(@bufbuild/protobuf@1.10.0)(@connectrpc/connect@1.7.0(@bufbuild/protobuf@1.10.0))':
    dependencies:
      '@bufbuild/protobuf': 1.10.0
      '@connectrpc/connect': 1.7.0(@bufbuild/protobuf@1.10.0)

  '@connectrpc/connect@1.7.0(@bufbuild/protobuf@1.10.0)':
    dependencies:
      '@bufbuild/protobuf': 1.10.0

  '@cursor/sdk-darwin-arm64@1.0.19':
    optional: true

  '@cursor/sdk-darwin-x64@1.0.19':
    optional: true

  '@cursor/sdk-linux-arm64@1.0.19':
    optional: true

  '@cursor/sdk-linux-x64@1.0.19':
    optional: true

  '@cursor/sdk-win32-x64@1.0.19':
    optional: true

  '@cursor/sdk@1.0.19':
    dependencies:
      '@bufbuild/protobuf': 1.10.0
      '@connectrpc/connect': 1.7.0(@bufbuild/protobuf@1.10.0)
      '@connectrpc/connect-web': 1.7.0(@bufbuild/protobuf@1.10.0)(@connectrpc/connect@1.7.0(@bufbuild/protobuf@1.10.0))
      '@statsig/js-client': 3.31.0
      zod: 3.25.76
    optionalDependencies:
      '@cursor/sdk-darwin-arm64': 1.0.19
      '@cursor/sdk-darwin-x64': 1.0.19
      '@cursor/sdk-linux-arm64': 1.0.19
      '@cursor/sdk-linux-x64': 1.0.19
      '@cursor/sdk-win32-x64': 1.0.19

  '@statsig/client-core@3.31.0': {}

  '@statsig/js-client@3.31.0':
    dependencies:
      '@statsig/client-core': 3.31.0

  ws@8.21.0: {}

  zod@3.25.76: {}
