lockfileVersion: '9.0'

settings:
  autoInstallPeers: true
  excludeLinksFromLockfile: false

importers:

  .:
    dependencies:
      '@1jehuang/jcode-sdk':
        specifier: 1.1.0
        version: 1.1.0
      ws:
        specifier: 8.21.0
        version: 8.21.0

packages:

  '@1jehuang/jcode-darwin-arm64@1.1.0':
    resolution: {integrity: sha512-OoVrOeZ79TkKAk3TXnR858WoeaBOn+dFQC3kvN7YMVaq4TjvuwcFfxTO7ud1ciVmpPvXaHzPi8L776aPDAx5Hw==}
    cpu: [arm64]
    os: [darwin]

  '@1jehuang/jcode-darwin-x64@1.1.0':
    resolution: {integrity: sha512-wsiE7Qzt5UkJV/v2O+NzKQuipZNvuXzi5vyXCDbJDF0fvojQsjZY2njpXGjxwlzcOp4fTesE4inuH/xqL71rDw==}
    cpu: [x64]
    os: [darwin]

  '@1jehuang/jcode-linux-arm64@1.1.0':
    resolution: {integrity: sha512-5s9VUitbpx4PSgdtNdgsGy2FtSNlJtQpsfb6RWX5E8QXHpnwlfsbXoq1PuU5kwWitJY07OYnB1P4xozObpA68Q==}
    cpu: [arm64]
    os: [linux]

  '@1jehuang/jcode-linux-x64@1.1.0':
    resolution: {integrity: sha512-9w+VpnSZQrpU+lYy/I7a4NsRbPAUSN9DHIX8uoJ1uhlocJ6WPB77AxDp2I5zWUn5H09knlAkw2LgzvhWANzpbQ==}
    cpu: [x64]
    os: [linux]

  '@1jehuang/jcode-sdk@1.1.0':
    resolution: {integrity: sha512-A9QcerzdNb9yXsRaip38doZd/Z8IGGlAsjmdLuRl9IvpitkHwizzjh4+e3U6YEwyLygvOlgkiNdgvf0UMosvPg==}
    engines: {node: '>=20'}

  '@1jehuang/jcode-win32-arm64@1.1.0':
    resolution: {integrity: sha512-Gcqvjit05CQH+ELC9G8bBYTciP8o8MzbVLUz8PFWJYmSXzbVlJEbQzr4/D29egPUSUrgAsti8rtqAmGIjIBN6A==}
    cpu: [arm64]
    os: [win32]

  '@1jehuang/jcode-win32-x64@1.1.0':
    resolution: {integrity: sha512-ePRfhzPk6HQ94WZFEmKxztuhhw4ZkzyiCdJKa3v4ERAHAz4APLO16K6H53kDc+x04YvW7nurgcALWWKVF+8JGA==}
    cpu: [x64]
    os: [win32]

  ajv@8.20.0:
    resolution: {integrity: sha512-Thbli+OlOj+iMPYFBVBfJ3OmCAnaSyNn4M1vz9T6Gka5Jt9ba/HIR56joy65tY6kx/FCF5VXNB819Y7/GUrBGA==}

  fast-deep-equal@3.1.3:
    resolution: {integrity: sha512-f3qQ9oQy9j2AhBe/H9VC91wLmKBCCU/gDOnKNAYG5hswO7BLKj09Hc5HYNz9cGI++xlpDCIgDaitVs03ATR84Q==}

  fast-uri@3.1.6:
    resolution: {integrity: sha512-7Ical1vFEMr0onbVzEDIreM22I4khW+fzyQPwvAFWBp1iwdshSZRsL4jjRvPG9JP1uiqMHRto+YU6R2/CzDz5Q==}

  json-schema-traverse@1.0.0:
    resolution: {integrity: sha512-NM8/P9n3XjXhIZn1lLhkFaACTOURQXjWhV4BA/RnOv8xvgqtqpAX9IO4mRQxSx1Rlo4tqzeqb0sOlruaOy3dug==}

  require-from-string@2.0.2:
    resolution: {integrity: sha512-Xf0nWe6RseziFMu+Ap9biiUbmplq6S9/p+7w7YXP/JBHhrUDDUhwa+vANyubuqfZWTveU//DYVGsDG7RKL/vEw==}
    engines: {node: '>=0.10.0'}

  ws@8.21.0:
    resolution: {integrity: sha512-Vsp28b7DRcimFQvrqu2Wek3z1iYxDCWqHYB8Qsnk/S4RfaCQzPGPyBNuVjJV3cd6UiKtUtp6sNM77gWvzcCH+g==}
    engines: {node: '>=10.0.0'}
    peerDependencies:
      bufferutil: ^4.0.1
      utf-8-validate: '>=5.0.2'
    peerDependenciesMeta:
      bufferutil:
        optional: true
      utf-8-validate:
        optional: true

snapshots:

  '@1jehuang/jcode-darwin-arm64@1.1.0':
    optional: true

  '@1jehuang/jcode-darwin-x64@1.1.0':
    optional: true

  '@1jehuang/jcode-linux-arm64@1.1.0':
    optional: true

  '@1jehuang/jcode-linux-x64@1.1.0':
    optional: true

  '@1jehuang/jcode-sdk@1.1.0':
    dependencies:
      ajv: 8.20.0
    optionalDependencies:
      '@1jehuang/jcode-darwin-arm64': 1.1.0
      '@1jehuang/jcode-darwin-x64': 1.1.0
      '@1jehuang/jcode-linux-arm64': 1.1.0
      '@1jehuang/jcode-linux-x64': 1.1.0
      '@1jehuang/jcode-win32-arm64': 1.1.0
      '@1jehuang/jcode-win32-x64': 1.1.0

  '@1jehuang/jcode-win32-arm64@1.1.0':
    optional: true

  '@1jehuang/jcode-win32-x64@1.1.0':
    optional: true

  ajv@8.20.0:
    dependencies:
      fast-deep-equal: 3.1.3
      fast-uri: 3.1.6
      json-schema-traverse: 1.0.0
      require-from-string: 2.0.2

  fast-deep-equal@3.1.3: {}

  fast-uri@3.1.6: {}

  json-schema-traverse@1.0.0: {}

  require-from-string@2.0.2: {}

  ws@8.21.0: {}
