lockfileVersion: '9.0'

settings:
  autoInstallPeers: true
  excludeLinksFromLockfile: false

importers:

  .:
    dependencies:
      '@openai/codex-sdk':
        specifier: 0.144.5
        version: 0.144.5
      ws:
        specifier: 8.21.0
        version: 8.21.0

packages:

  '@openai/codex-sdk@0.144.5':
    resolution: {integrity: sha512-90wHPEGyk74On6gwQPNtw+wzuDJ2zYpiVADDxw43S1cWn3QbBh/21zFS2xlAWWCrdY0gE90yXfmmrzwdUDlBGw==}
    engines: {node: '>=18'}

  '@openai/codex@0.144.5':
    resolution: {integrity: sha512-jjB+K+OMv572mKhS+2QuLxWXDJNdpwbPenf+V+8bdq7wg4Scqt3cn6WEekD8wPqDVZqck0HSX17K9rD9kbDJQA==}
    engines: {node: '>=16'}
    hasBin: true

  '@openai/codex@0.144.5-darwin-arm64':
    resolution: {integrity: sha512-zcT6NfBCqLFt+BReNSETTZW6v6PdbH0dzNtm9j7l7mDGqwPbKZDGJdnpkBao2389I0ZacyIKgSZoI0vez1d4Dw==}
    engines: {node: '>=16'}
    cpu: [arm64]
    os: [darwin]

  '@openai/codex@0.144.5-darwin-x64':
    resolution: {integrity: sha512-//Mo0m1MwaoT6psu5xsmofXpKx4/0irIkeq10xJvk59+886EG355ibjA+ZmlRcKhE3bLjsKD7p81nTbAdRL/bw==}
    engines: {node: '>=16'}
    cpu: [x64]
    os: [darwin]

  '@openai/codex@0.144.5-linux-arm64':
    resolution: {integrity: sha512-zAHggxVwR2TBxKmybXY7ZMiB0G8DMonY2YPdwNNjwXcf+LOIqNGgswwNCDMbP/HEe6r8j+R9ZX/yYoo8f+n/RQ==}
    engines: {node: '>=16'}
    cpu: [arm64]
    os: [linux]

  '@openai/codex@0.144.5-linux-x64':
    resolution: {integrity: sha512-FalLJlBQGFdK8Gc3kj9sa/ekNdgkHhUawLaKkvy5CtB18JaP2YxtTP/Pe1pD2iBiq8mMUliRnafpF6AdBdQMbg==}
    engines: {node: '>=16'}
    cpu: [x64]
    os: [linux]

  '@openai/codex@0.144.5-win32-arm64':
    resolution: {integrity: sha512-0Pj7iqjEOEvPQPO3kFfCy9vGX4BTu76ChFFZHr2eNNIfVc3FOENAv/X98u4L+iIUtDOK9DbqmfUudW3DPapshg==}
    engines: {node: '>=16'}
    cpu: [arm64]
    os: [win32]

  '@openai/codex@0.144.5-win32-x64':
    resolution: {integrity: sha512-DnsSTlnnzleTxvLwIGnBitKInscxn2I7qASqosS8Fv+qysBygd+ZiBn/SQsRCgQ28PAlsNzmd3Gf3ZTecolAmg==}
    engines: {node: '>=16'}
    cpu: [x64]
    os: [win32]

  ws@8.21.0:
    resolution: {integrity: sha512-Vsp28b7DRcimFQvrqu2Wek3z1iYxDCWqHYB8Qsnk/S4RfaCQzPGPyBNuVjJV3cd6UiKtUtp6sNM77gWvzcCH+g==}
    engines: {node: '>=10.0.0'}
    peerDependencies:
      bufferutil: ^4.0.1
      utf-8-validate: '>=5.0.2'
    peerDependenciesMeta:
      bufferutil:
        optional: true
      utf-8-validate:
        optional: true

snapshots:

  '@openai/codex-sdk@0.144.5':
    dependencies:
      '@openai/codex': 0.144.5

  '@openai/codex@0.144.5':
    optionalDependencies:
      '@openai/codex-darwin-arm64': '@openai/codex@0.144.5-darwin-arm64'
      '@openai/codex-darwin-x64': '@openai/codex@0.144.5-darwin-x64'
      '@openai/codex-linux-arm64': '@openai/codex@0.144.5-linux-arm64'
      '@openai/codex-linux-x64': '@openai/codex@0.144.5-linux-x64'
      '@openai/codex-win32-arm64': '@openai/codex@0.144.5-win32-arm64'
      '@openai/codex-win32-x64': '@openai/codex@0.144.5-win32-x64'

  '@openai/codex@0.144.5-darwin-arm64':
    optional: true

  '@openai/codex@0.144.5-darwin-x64':
    optional: true

  '@openai/codex@0.144.5-linux-arm64':
    optional: true

  '@openai/codex@0.144.5-linux-x64':
    optional: true

  '@openai/codex@0.144.5-win32-arm64':
    optional: true

  '@openai/codex@0.144.5-win32-x64':
    optional: true

  ws@8.21.0: {}
