lockfileVersion: '9.0'

settings:
  autoInstallPeers: true
  excludeLinksFromLockfile: false

importers:

  .:
    dependencies:
      '@openai/codex-sdk':
        specifier: 0.149.1
        version: 0.149.1
      ws:
        specifier: 8.21.0
        version: 8.21.0

packages:

  '@openai/codex-sdk@0.149.1':
    resolution: {integrity: sha512-R00Rz5327LefZggAxl28r7vFQq1vxa91OxtjZJOsQfAM/MyH8InW5qwwRu6pzUmRGp1E29XrOzm7u1TeV5Yz2A==}
    engines: {node: '>=18'}

  '@openai/codex@0.149.1':
    resolution: {integrity: sha512-6q5pbcpFbJbqOpkubSDBwXmktQ55aD8eUzGzBF1zASob2DjwhBKDSNGtdZKalfrNJUdTDTPDMmzCXEXs5tMBYA==}
    engines: {node: '>=16'}
    hasBin: true

  '@openai/codex@0.149.1-darwin-arm64':
    resolution: {integrity: sha512-6X84kTCbnTgPIJ2EdcPsrvwS0Wxsqpa+bCswGmRf4BjhcQ5nPMnBC6yCAaCMj+vrbXQHj+L6sa9FaR4QkmA1qw==}
    engines: {node: '>=16'}
    cpu: [arm64]
    os: [darwin]

  '@openai/codex@0.149.1-darwin-x64':
    resolution: {integrity: sha512-MfLBQLfcElJL9tvj6y45qVHHMGSXCPnQOixuD3/Zq0g1BW/eFizkrGLdn48cFpc+l8cK+gt5nYG5pQYwVs6g4A==}
    engines: {node: '>=16'}
    cpu: [x64]
    os: [darwin]

  '@openai/codex@0.149.1-linux-arm64':
    resolution: {integrity: sha512-OqxUfZ1TVvHd18zHPKK/8ZRlpk8Vy11mg5CMHaLxNWldTbwVImDKtSLWT+m8m4NM5Sz4PbjtZMrVT/RfpBW/mQ==}
    engines: {node: '>=16'}
    cpu: [arm64]
    os: [linux]

  '@openai/codex@0.149.1-linux-x64':
    resolution: {integrity: sha512-Of5fGYgr7tAMsyj6vhXb4/RM/UoA3Zq8BLegUBDC09UNy1XTLGYP/2XD+UX8z3qh0NDwxYdCjFIWdDNijKZggQ==}
    engines: {node: '>=16'}
    cpu: [x64]
    os: [linux]

  '@openai/codex@0.149.1-win32-arm64':
    resolution: {integrity: sha512-5K0DmOKGK9Bos627p8sK8ATHjovPK0sDyT6h9Cb+4v+5CW5SGw1HLgjGxoLfJ8g3cg6mtg/pRCXXo2L/j71UVA==}
    engines: {node: '>=16'}
    cpu: [arm64]
    os: [win32]

  '@openai/codex@0.149.1-win32-x64':
    resolution: {integrity: sha512-G3QXGAg7nyyhqOeooAMUekBCeHd8a1QByhKcVAFyzNBaI06t6Ft7nsF+1SzFS0spuIdU4YyMi5YD26ukADBQUQ==}
    engines: {node: '>=16'}
    cpu: [x64]
    os: [win32]

  ws@8.21.0:
    resolution: {integrity: sha512-Vsp28b7DRcimFQvrqu2Wek3z1iYxDCWqHYB8Qsnk/S4RfaCQzPGPyBNuVjJV3cd6UiKtUtp6sNM77gWvzcCH+g==}
    engines: {node: '>=10.0.0'}
    peerDependencies:
      bufferutil: ^4.0.1
      utf-8-validate: '>=5.0.2'
    peerDependenciesMeta:
      bufferutil:
        optional: true
      utf-8-validate:
        optional: true

snapshots:

  '@openai/codex-sdk@0.149.1':
    dependencies:
      '@openai/codex': 0.149.1

  '@openai/codex@0.149.1':
    optionalDependencies:
      '@openai/codex-darwin-arm64': '@openai/codex@0.149.1-darwin-arm64'
      '@openai/codex-darwin-x64': '@openai/codex@0.149.1-darwin-x64'
      '@openai/codex-linux-arm64': '@openai/codex@0.149.1-linux-arm64'
      '@openai/codex-linux-x64': '@openai/codex@0.149.1-linux-x64'
      '@openai/codex-win32-arm64': '@openai/codex@0.149.1-win32-arm64'
      '@openai/codex-win32-x64': '@openai/codex@0.149.1-win32-x64'

  '@openai/codex@0.149.1-darwin-arm64':
    optional: true

  '@openai/codex@0.149.1-darwin-x64':
    optional: true

  '@openai/codex@0.149.1-linux-arm64':
    optional: true

  '@openai/codex@0.149.1-linux-x64':
    optional: true

  '@openai/codex@0.149.1-win32-arm64':
    optional: true

  '@openai/codex@0.149.1-win32-x64':
    optional: true

  ws@8.21.0: {}
