lockfileVersion: '9.0'

settings:
  autoInstallPeers: true
  excludeLinksFromLockfile: false

importers:

  .:
    dependencies:
      '@xai-official/grok':
        specifier: 0.2.105
        version: 0.2.105
      ws:
        specifier: 8.21.0
        version: 8.21.0

packages:

  '@iarna/toml@3.0.0':
    resolution: {integrity: sha512-td6ZUkz2oS3VeleBcN+m//Q6HlCFCPrnI0FZhrt/h4XqLEdOyYp2u21nd8MdsR+WJy5r9PTDaHTDDfhf4H4l6Q==}

  '@xai-official/grok-darwin-arm64@0.2.105':
    resolution: {integrity: sha512-KE792jAQuW40aEq1jpN9zCkERozL6BwFRCGzyLwtmC+FGNs6MYaUR+7xAUZyQak23QkSGvzIf7MQeJtc9OTFsw==}
    cpu: [arm64]
    os: [darwin]

  '@xai-official/grok-darwin-x64@0.2.105':
    resolution: {integrity: sha512-tXeCNpBL9z/xVLN75H8OLe+NhkZPbQU+2XkJdjiqQwYsvi+7i6F7E4vgsOAYKzgj/Jq3Twy8j7SBPJ3FNQeiqQ==}
    cpu: [x64]
    os: [darwin]

  '@xai-official/grok-linux-arm64@0.2.105':
    resolution: {integrity: sha512-8t89OJXA1X8pp3IghTI/Hb4D54OuCEVg+sdZUie9Swya3dSiJnUCKnnFDjIGp9z0rc2JphSaIiv4Au1puD/3jA==}
    cpu: [arm64]
    os: [linux]

  '@xai-official/grok-linux-x64@0.2.105':
    resolution: {integrity: sha512-dfamYbBCRYzDY/k3ikLMA7USfJrvBuJbG//grmfuOLWuISC38gwD50L8XZrg8ZQQRU1g5JEZESfopA5OSgYi6w==}
    cpu: [x64]
    os: [linux]

  '@xai-official/grok-win32-arm64@0.2.105':
    resolution: {integrity: sha512-fzherNMFmBG0OydHz8BdIV51YwpNVc7IQUf7LjeANnTHZP2qa7R7e8GeoQ+6sfwgTdYJlIZLfuTApo7vqUxG0g==}
    cpu: [arm64]
    os: [win32]

  '@xai-official/grok-win32-x64@0.2.105':
    resolution: {integrity: sha512-leHs/v+90q+g2ACRG6fMUpjenWyKkfHuL8kBkKsRpIVpz6WwmmT3917Ao5ITXvh2TtP7mzjfCf+yPMggxFZ/ug==}
    cpu: [x64]
    os: [win32]

  '@xai-official/grok@0.2.105':
    resolution: {integrity: sha512-X5H4iZHVPTH5aB0Qh4V5sZi0TaLJ/d6E59l/abjP5nNeMgYU9+624wNs6DRanY5czfQTG8tizQnm6hKo5j/gFg==}
    engines: {node: '>=20'}
    cpu: [arm64, x64]
    os: [darwin, linux, win32]
    hasBin: true

  ws@8.21.0:
    resolution: {integrity: sha512-Vsp28b7DRcimFQvrqu2Wek3z1iYxDCWqHYB8Qsnk/S4RfaCQzPGPyBNuVjJV3cd6UiKtUtp6sNM77gWvzcCH+g==}
    engines: {node: '>=10.0.0'}
    peerDependencies:
      bufferutil: ^4.0.1
      utf-8-validate: '>=5.0.2'
    peerDependenciesMeta:
      bufferutil:
        optional: true
      utf-8-validate:
        optional: true

snapshots:

  '@iarna/toml@3.0.0': {}

  '@xai-official/grok-darwin-arm64@0.2.105':
    optional: true

  '@xai-official/grok-darwin-x64@0.2.105':
    optional: true

  '@xai-official/grok-linux-arm64@0.2.105':
    optional: true

  '@xai-official/grok-linux-x64@0.2.105':
    optional: true

  '@xai-official/grok-win32-arm64@0.2.105':
    optional: true

  '@xai-official/grok-win32-x64@0.2.105':
    optional: true

  '@xai-official/grok@0.2.105':
    dependencies:
      '@iarna/toml': 3.0.0
    optionalDependencies:
      '@xai-official/grok-darwin-arm64': 0.2.105
      '@xai-official/grok-darwin-x64': 0.2.105
      '@xai-official/grok-linux-arm64': 0.2.105
      '@xai-official/grok-linux-x64': 0.2.105
      '@xai-official/grok-win32-arm64': 0.2.105
      '@xai-official/grok-win32-x64': 0.2.105

  ws@8.21.0: {}
